
Microsoft Visual Studio Solution File, Format Version 12.00
# Visual Studio Version 17
VisualStudioVersion = 17.10.35004.147
MinimumVisualStudioVersion = 10.0.40219.1
Project("{FAE04EC0-301F-11D3-BF4B-00C04F79EFBC}") = "CrmAppWebApi", "CrmAppWebApi\CrmAppWebApi.csproj", "{B9B7A10B-F0E1-4293-B177-925A411A2464}"
EndProject
Global
	GlobalSection(SolutionConfigurationPlatforms) = preSolution
		Debug|Any CPU = Debug|Any CPU
		Release|Any CPU = Release|Any CPU
	EndGlobalSection
	GlobalSection(ProjectConfigurationPlatforms) = postSolution
		{B9B7A10B-F0E1-4293-B177-925A411A2464}.Debug|Any CPU.ActiveCfg = Debug|Any CPU
		{B9B7A10B-F0E1-4293-B177-925A411A2464}.Debug|Any CPU.Build.0 = Debug|Any CPU
		{B9B7A10B-F0E1-4293-B177-925A411A2464}.Release|Any CPU.ActiveCfg = Release|Any CPU
		{B9B7A10B-F0E1-4293-B177-925A411A2464}.Release|Any CPU.Build.0 = Release|Any CPU
	EndGlobalSection
	GlobalSection(SolutionProperties) = preSolution
		HideSolutionNode = FALSE
	EndGlobalSection
	GlobalSection(ExtensibilityGlobals) = postSolution
		SolutionGuid = {816D8767-2BAB-4079-A9D4-24A34782CDCC}
	EndGlobalSection
EndGlobal
