
Microsoft Visual Studio Solution File, Format Version 12.00
# Visual Studio Version 17
VisualStudioVersion = 17.10.35013.160
MinimumVisualStudioVersion = 10.0.40219.1
Project("{FAE04EC0-301F-11D3-BF4B-00C04F79EFBC}") = "CosmosDBSamples", "CosmosDBSamples\CosmosDBSamples.csproj", "{84EBAAD7-78D5-4ED1-A9B7-F0BF9D4208AC}"
EndProject
Global
	GlobalSection(SolutionConfigurationPlatforms) = preSolution
		Debug|Any CPU = Debug|Any CPU
		Release|Any CPU = Release|Any CPU
	EndGlobalSection
	GlobalSection(ProjectConfigurationPlatforms) = postSolution
		{84EBAAD7-78D5-4ED1-A9B7-F0BF9D4208AC}.Debug|Any CPU.ActiveCfg = Debug|Any CPU
		{84EBAAD7-78D5-4ED1-A9B7-F0BF9D4208AC}.Debug|Any CPU.Build.0 = Debug|Any CPU
		{84EBAAD7-78D5-4ED1-A9B7-F0BF9D4208AC}.Release|Any CPU.ActiveCfg = Release|Any CPU
		{84EBAAD7-78D5-4ED1-A9B7-F0BF9D4208AC}.Release|Any CPU.Build.0 = Release|Any CPU
	EndGlobalSection
	GlobalSection(SolutionProperties) = preSolution
		HideSolutionNode = FALSE
	EndGlobalSection
	GlobalSection(ExtensibilityGlobals) = postSolution
		SolutionGuid = {7F0C6DD7-385C-45E3-8638-77F8B2B86A17}
	EndGlobalSection
EndGlobal
