
Microsoft Visual Studio Solution File, Format Version 12.00
# Visual Studio Version 17
VisualStudioVersion = 17.11.35219.272
MinimumVisualStudioVersion = 10.0.40219.1
Project("{FAE04EC0-301F-11D3-BF4B-00C04F79EFBC}") = "FourTierAppSample", "FourTierAppSample\FourTierAppSample.csproj", "{1A03B6C2-0107-4FDA-A00C-7800E076D875}"
EndProject
Global
	GlobalSection(SolutionConfigurationPlatforms) = preSolution
		Debug|Any CPU = Debug|Any CPU
		Release|Any CPU = Release|Any CPU
	EndGlobalSection
	GlobalSection(ProjectConfigurationPlatforms) = postSolution
		{1A03B6C2-0107-4FDA-A00C-7800E076D875}.Debug|Any CPU.ActiveCfg = Debug|Any CPU
		{1A03B6C2-0107-4FDA-A00C-7800E076D875}.Debug|Any CPU.Build.0 = Debug|Any CPU
		{1A03B6C2-0107-4FDA-A00C-7800E076D875}.Release|Any CPU.ActiveCfg = Release|Any CPU
		{1A03B6C2-0107-4FDA-A00C-7800E076D875}.Release|Any CPU.Build.0 = Release|Any CPU
	EndGlobalSection
	GlobalSection(SolutionProperties) = preSolution
		HideSolutionNode = FALSE
	EndGlobalSection
	GlobalSection(ExtensibilityGlobals) = postSolution
		SolutionGuid = {907112F3-A123-447E-9CE8-8579EFA276EF}
	EndGlobalSection
EndGlobal
