
Microsoft Visual Studio Solution File, Format Version 12.00
# Visual Studio Version 17
VisualStudioVersion = 17.10.34916.146
MinimumVisualStudioVersion = 10.0.40219.1
Project("{FAE04EC0-301F-11D3-BF4B-00C04F79EFBC}") = "CodingWithCopilot", "CodingWithCopilot\CodingWithCopilot.csproj", "{DE03CAE3-D2CC-464F-B6C2-4597D80FC64A}"
EndProject
Project("{FAE04EC0-301F-11D3-BF4B-00C04F79EFBC}") = "CodingWithCopilotTests", "CodingWithCopilotTests\CodingWithCopilotTests.csproj", "{BEE10A34-FA60-462C-A63F-C3B24B02247A}"
EndProject
Global
	GlobalSection(SolutionConfigurationPlatforms) = preSolution
		Debug|Any CPU = Debug|Any CPU
		Debug|x64 = Debug|x64
		Release|Any CPU = Release|Any CPU
		Release|x64 = Release|x64
		Test|Any CPU = Test|Any CPU
		Test|x64 = Test|x64
	EndGlobalSection
	GlobalSection(ProjectConfigurationPlatforms) = postSolution
		{DE03CAE3-D2CC-464F-B6C2-4597D80FC64A}.Debug|Any CPU.ActiveCfg = Debug|Any CPU
		{DE03CAE3-D2CC-464F-B6C2-4597D80FC64A}.Debug|Any CPU.Build.0 = Debug|Any CPU
		{DE03CAE3-D2CC-464F-B6C2-4597D80FC64A}.Debug|x64.ActiveCfg = Debug|x64
		{DE03CAE3-D2CC-464F-B6C2-4597D80FC64A}.Debug|x64.Build.0 = Debug|x64
		{DE03CAE3-D2CC-464F-B6C2-4597D80FC64A}.Release|Any CPU.ActiveCfg = Release|Any CPU
		{DE03CAE3-D2CC-464F-B6C2-4597D80FC64A}.Release|Any CPU.Build.0 = Release|Any CPU
		{DE03CAE3-D2CC-464F-B6C2-4597D80FC64A}.Release|x64.ActiveCfg = Release|x64
		{DE03CAE3-D2CC-464F-B6C2-4597D80FC64A}.Release|x64.Build.0 = Release|x64
		{DE03CAE3-D2CC-464F-B6C2-4597D80FC64A}.Test|Any CPU.ActiveCfg = Test|Any CPU
		{DE03CAE3-D2CC-464F-B6C2-4597D80FC64A}.Test|Any CPU.Build.0 = Test|Any CPU
		{DE03CAE3-D2CC-464F-B6C2-4597D80FC64A}.Test|x64.ActiveCfg = Test|x64
		{DE03CAE3-D2CC-464F-B6C2-4597D80FC64A}.Test|x64.Build.0 = Test|x64
		{BEE10A34-FA60-462C-A63F-C3B24B02247A}.Debug|Any CPU.ActiveCfg = Debug|Any CPU
		{BEE10A34-FA60-462C-A63F-C3B24B02247A}.Debug|Any CPU.Build.0 = Debug|Any CPU
		{BEE10A34-FA60-462C-A63F-C3B24B02247A}.Debug|x64.ActiveCfg = Debug|Any CPU
		{BEE10A34-FA60-462C-A63F-C3B24B02247A}.Debug|x64.Build.0 = Debug|Any CPU
		{BEE10A34-FA60-462C-A63F-C3B24B02247A}.Release|Any CPU.ActiveCfg = Release|Any CPU
		{BEE10A34-FA60-462C-A63F-C3B24B02247A}.Release|Any CPU.Build.0 = Release|Any CPU
		{BEE10A34-FA60-462C-A63F-C3B24B02247A}.Release|x64.ActiveCfg = Release|Any CPU
		{BEE10A34-FA60-462C-A63F-C3B24B02247A}.Release|x64.Build.0 = Release|Any CPU
		{BEE10A34-FA60-462C-A63F-C3B24B02247A}.Test|Any CPU.ActiveCfg = Debug|Any CPU
		{BEE10A34-FA60-462C-A63F-C3B24B02247A}.Test|Any CPU.Build.0 = Debug|Any CPU
		{BEE10A34-FA60-462C-A63F-C3B24B02247A}.Test|x64.ActiveCfg = Debug|Any CPU
		{BEE10A34-FA60-462C-A63F-C3B24B02247A}.Test|x64.Build.0 = Debug|Any CPU
	EndGlobalSection
	GlobalSection(SolutionProperties) = preSolution
		HideSolutionNode = FALSE
	EndGlobalSection
	GlobalSection(ExtensibilityGlobals) = postSolution
		SolutionGuid = {040A6E9F-DECA-4DD3-B854-797635299DC3}
	EndGlobalSection
EndGlobal
