
Microsoft Visual Studio Solution File, Format Version 12.00
# Visual Studio Version 17
VisualStudioVersion = 17.9.34728.123
MinimumVisualStudioVersion = 10.0.40219.1
Project("{FAE04EC0-301F-11D3-BF4B-00C04F79EFBC}") = "WebApiGenericResponse", "WebApiGenericResponse\WebApiGenericResponse.csproj", "{D66F9B8A-44EA-48FF-810B-1E299FC1E6DC}"
EndProject
Global
	GlobalSection(SolutionConfigurationPlatforms) = preSolution
		Debug|Any CPU = Debug|Any CPU
		Release|Any CPU = Release|Any CPU
	EndGlobalSection
	GlobalSection(ProjectConfigurationPlatforms) = postSolution
		{D66F9B8A-44EA-48FF-810B-1E299FC1E6DC}.Debug|Any CPU.ActiveCfg = Debug|Any CPU
		{D66F9B8A-44EA-48FF-810B-1E299FC1E6DC}.Debug|Any CPU.Build.0 = Debug|Any CPU
		{D66F9B8A-44EA-48FF-810B-1E299FC1E6DC}.Release|Any CPU.ActiveCfg = Release|Any CPU
		{D66F9B8A-44EA-48FF-810B-1E299FC1E6DC}.Release|Any CPU.Build.0 = Release|Any CPU
	EndGlobalSection
	GlobalSection(SolutionProperties) = preSolution
		HideSolutionNode = FALSE
	EndGlobalSection
	GlobalSection(ExtensibilityGlobals) = postSolution
		SolutionGuid = {8AB58B2F-9087-4A43-946B-C5EF32A92C15}
	EndGlobalSection
EndGlobal
